
Microsoft Visual Studio Solution File, Format Version 12.00
# Visual Studio 15
VisualStudioVersion = 15.0.28307.1000
MinimumVisualStudioVersion = 10.0.40219.1
Project("{FAE04EC0-301F-11D3-BF4B-00C04F79EFBC}") = "WebApplication3", "WebApplication3\WebApplication3.csproj", "{007B204A-40D4-42D4-B702-A0DFC5498B6C}"
EndProject
Global
	GlobalSection(SolutionConfigurationPlatforms) = preSolution
		Debug|Any CPU = Debug|Any CPU
		Release|Any CPU = Release|Any CPU
	EndGlobalSection
	GlobalSection(ProjectConfigurationPlatforms) = postSolution
		{007B204A-40D4-42D4-B702-A0DFC5498B6C}.Debug|Any CPU.ActiveCfg = Debug|Any CPU
		{007B204A-40D4-42D4-B702-A0DFC5498B6C}.Debug|Any CPU.Build.0 = Debug|Any CPU
		{007B204A-40D4-42D4-B702-A0DFC5498B6C}.Release|Any CPU.ActiveCfg = Release|Any CPU
		{007B204A-40D4-42D4-B702-A0DFC5498B6C}.Release|Any CPU.Build.0 = Release|Any CPU
	EndGlobalSection
	GlobalSection(SolutionProperties) = preSolution
		HideSolutionNode = FALSE
	EndGlobalSection
	GlobalSection(ExtensibilityGlobals) = postSolution
		SolutionGuid = {2EDE0817-B400-4A41-9115-1CC9E65899DE}
	EndGlobalSection
EndGlobal
